
Microsoft Visual Studio Solution File, Format Version 12.00
Project("{FAE04EC0-301F-11D3-BF4B-00C04F79EFBC}") = "Presentation.WebApi", "Presentation.WebApi\Presentation.WebApi.csproj", "{35D6ACC5-2176-4A54-99AC-6FF3067EE328}"
EndProject
Project("{FAE04EC0-301F-11D3-BF4B-00C04F79EFBC}") = "Domain", "Domain\Domain.csproj", "{3DA2089D-3C54-40CF-8349-CD0C829F8BE8}"
EndProject
Project("{FAE04EC0-301F-11D3-BF4B-00C04F79EFBC}") = "Application", "Application\Application.csproj", "{6223A63E-AA04-409C-8D7D-CEEE2E8FDF32}"
EndProject
Project("{FAE04EC0-301F-11D3-BF4B-00C04F79EFBC}") = "Infrastructure", "Infrastructure\Infrastructure.csproj", "{C1CF18ED-1FB6-4225-8E84-0CE99302BBF3}"
EndProject
Global
	GlobalSection(SolutionConfigurationPlatforms) = preSolution
		Debug|Any CPU = Debug|Any CPU
		Release|Any CPU = Release|Any CPU
	EndGlobalSection
	GlobalSection(ProjectConfigurationPlatforms) = postSolution
		{35D6ACC5-2176-4A54-99AC-6FF3067EE328}.Debug|Any CPU.ActiveCfg = Debug|Any CPU
		{35D6ACC5-2176-4A54-99AC-6FF3067EE328}.Debug|Any CPU.Build.0 = Debug|Any CPU
		{35D6ACC5-2176-4A54-99AC-6FF3067EE328}.Release|Any CPU.ActiveCfg = Release|Any CPU
		{35D6ACC5-2176-4A54-99AC-6FF3067EE328}.Release|Any CPU.Build.0 = Release|Any CPU
		{3DA2089D-3C54-40CF-8349-CD0C829F8BE8}.Debug|Any CPU.ActiveCfg = Debug|Any CPU
		{3DA2089D-3C54-40CF-8349-CD0C829F8BE8}.Debug|Any CPU.Build.0 = Debug|Any CPU
		{3DA2089D-3C54-40CF-8349-CD0C829F8BE8}.Release|Any CPU.ActiveCfg = Release|Any CPU
		{3DA2089D-3C54-40CF-8349-CD0C829F8BE8}.Release|Any CPU.Build.0 = Release|Any CPU
		{6223A63E-AA04-409C-8D7D-CEEE2E8FDF32}.Debug|Any CPU.ActiveCfg = Debug|Any CPU
		{6223A63E-AA04-409C-8D7D-CEEE2E8FDF32}.Debug|Any CPU.Build.0 = Debug|Any CPU
		{6223A63E-AA04-409C-8D7D-CEEE2E8FDF32}.Release|Any CPU.ActiveCfg = Release|Any CPU
		{6223A63E-AA04-409C-8D7D-CEEE2E8FDF32}.Release|Any CPU.Build.0 = Release|Any CPU
		{C1CF18ED-1FB6-4225-8E84-0CE99302BBF3}.Debug|Any CPU.ActiveCfg = Debug|Any CPU
		{C1CF18ED-1FB6-4225-8E84-0CE99302BBF3}.Debug|Any CPU.Build.0 = Debug|Any CPU
		{C1CF18ED-1FB6-4225-8E84-0CE99302BBF3}.Release|Any CPU.ActiveCfg = Release|Any CPU
		{C1CF18ED-1FB6-4225-8E84-0CE99302BBF3}.Release|Any CPU.Build.0 = Release|Any CPU
	EndGlobalSection
EndGlobal
